
Microsoft Visual Studio Solution File, Format Version 12.00
# Visual Studio Version 17
VisualStudioVersion = 17.8.34330.188
MinimumVisualStudioVersion = 10.0.40219.1
Project("{9A19103F-16F7-4668-BE54-9A1E7A4F7556}") = "Producer", "Producer.csproj", "{57FA0C82-A002-409F-B3E3-E4E65A243473}"
EndProject
Global
	GlobalSection(SolutionConfigurationPlatforms) = preSolution
		Debug|Any CPU = Debug|Any CPU
		Release|Any CPU = Release|Any CPU
	EndGlobalSection
	GlobalSection(ProjectConfigurationPlatforms) = postSolution
		{57FA0C82-A002-409F-B3E3-E4E65A243473}.Debug|Any CPU.ActiveCfg = Debug|Any CPU
		{57FA0C82-A002-409F-B3E3-E4E65A243473}.Debug|Any CPU.Build.0 = Debug|Any CPU
		{57FA0C82-A002-409F-B3E3-E4E65A243473}.Release|Any CPU.ActiveCfg = Release|Any CPU
		{57FA0C82-A002-409F-B3E3-E4E65A243473}.Release|Any CPU.Build.0 = Release|Any CPU
	EndGlobalSection
	GlobalSection(SolutionProperties) = preSolution
		HideSolutionNode = FALSE
	EndGlobalSection
	GlobalSection(ExtensibilityGlobals) = postSolution
		SolutionGuid = {5AD7147E-4A4F-455A-ABB6-759E958E8C12}
	EndGlobalSection
EndGlobal
