
Microsoft Visual Studio Solution File, Format Version 12.00
# Visual Studio Version 17
VisualStudioVersion = 17.8.34330.188
MinimumVisualStudioVersion = 10.0.40219.1
Project("{9A19103F-16F7-4668-BE54-9A1E7A4F7556}") = "Producer", "Producer.csproj", "{774C19AA-00A3-47C3-8C82-54DD49E0BF84}"
EndProject
Global
	GlobalSection(SolutionConfigurationPlatforms) = preSolution
		Debug|Any CPU = Debug|Any CPU
		Release|Any CPU = Release|Any CPU
	EndGlobalSection
	GlobalSection(ProjectConfigurationPlatforms) = postSolution
		{774C19AA-00A3-47C3-8C82-54DD49E0BF84}.Debug|Any CPU.ActiveCfg = Debug|Any CPU
		{774C19AA-00A3-47C3-8C82-54DD49E0BF84}.Debug|Any CPU.Build.0 = Debug|Any CPU
		{774C19AA-00A3-47C3-8C82-54DD49E0BF84}.Release|Any CPU.ActiveCfg = Release|Any CPU
		{774C19AA-00A3-47C3-8C82-54DD49E0BF84}.Release|Any CPU.Build.0 = Release|Any CPU
	EndGlobalSection
	GlobalSection(SolutionProperties) = preSolution
		HideSolutionNode = FALSE
	EndGlobalSection
	GlobalSection(ExtensibilityGlobals) = postSolution
		SolutionGuid = {BF2910E2-3334-4E2E-B3B7-82796C844EDA}
	EndGlobalSection
EndGlobal
