
Microsoft Visual Studio Solution File, Format Version 12.00
# Visual Studio Version 17
VisualStudioVersion = 17.8.34330.188
MinimumVisualStudioVersion = 10.0.40219.1
Project("{9A19103F-16F7-4668-BE54-9A1E7A4F7556}") = "Producer", "Producer.csproj", "{2F14E40C-50C9-4BF4-8D64-BD20E90D5B4F}"
EndProject
Global
	GlobalSection(SolutionConfigurationPlatforms) = preSolution
		Debug|Any CPU = Debug|Any CPU
		Release|Any CPU = Release|Any CPU
	EndGlobalSection
	GlobalSection(ProjectConfigurationPlatforms) = postSolution
		{2F14E40C-50C9-4BF4-8D64-BD20E90D5B4F}.Debug|Any CPU.ActiveCfg = Debug|Any CPU
		{2F14E40C-50C9-4BF4-8D64-BD20E90D5B4F}.Debug|Any CPU.Build.0 = Debug|Any CPU
		{2F14E40C-50C9-4BF4-8D64-BD20E90D5B4F}.Release|Any CPU.ActiveCfg = Release|Any CPU
		{2F14E40C-50C9-4BF4-8D64-BD20E90D5B4F}.Release|Any CPU.Build.0 = Release|Any CPU
	EndGlobalSection
	GlobalSection(SolutionProperties) = preSolution
		HideSolutionNode = FALSE
	EndGlobalSection
	GlobalSection(ExtensibilityGlobals) = postSolution
		SolutionGuid = {DC8BAAE0-DD21-4AA8-9147-9CF3A6974A71}
	EndGlobalSection
EndGlobal
